
Microsoft Visual Studio Solution File, Format Version 12.00
# Visual Studio Version 16
VisualStudioVersion = 16.0.30907.101
MinimumVisualStudioVersion = 10.0.40219.1
Project("{FAE04EC0-301F-11D3-BF4B-00C04F79EFBC}") = "matOsnovlab1", "matOsnovlab1\matOsnovlab1.csproj", "{CFD5DEC9-92D8-4A9A-841C-2646EF5E1D57}"
EndProject
Global
	GlobalSection(SolutionConfigurationPlatforms) = preSolution
		Debug|Any CPU = Debug|Any CPU
		Release|Any CPU = Release|Any CPU
	EndGlobalSection
	GlobalSection(ProjectConfigurationPlatforms) = postSolution
		{CFD5DEC9-92D8-4A9A-841C-2646EF5E1D57}.Debug|Any CPU.ActiveCfg = Debug|Any CPU
		{CFD5DEC9-92D8-4A9A-841C-2646EF5E1D57}.Debug|Any CPU.Build.0 = Debug|Any CPU
		{CFD5DEC9-92D8-4A9A-841C-2646EF5E1D57}.Release|Any CPU.ActiveCfg = Release|Any CPU
		{CFD5DEC9-92D8-4A9A-841C-2646EF5E1D57}.Release|Any CPU.Build.0 = Release|Any CPU
	EndGlobalSection
	GlobalSection(SolutionProperties) = preSolution
		HideSolutionNode = FALSE
	EndGlobalSection
	GlobalSection(ExtensibilityGlobals) = postSolution
		SolutionGuid = {06319B22-6975-4C45-AE8A-38D2C6730064}
	EndGlobalSection
EndGlobal
